
Microsoft Visual Studio Solution File, Format Version 12.00
# Visual Studio Version 17
VisualStudioVersion = 17.7.34018.315
MinimumVisualStudioVersion = 10.0.40219.1
Project("{FAE04EC0-301F-11D3-BF4B-00C04F79EFBC}") = "WebApplication6", "WebApplication6.csproj", "{B576DD60-BCD4-4519-A690-72BF358C777B}"
EndProject
Global
	GlobalSection(SolutionConfigurationPlatforms) = preSolution
		Debug|Any CPU = Debug|Any CPU
		Release|Any CPU = Release|Any CPU
	EndGlobalSection
	GlobalSection(ProjectConfigurationPlatforms) = postSolution
		{B576DD60-BCD4-4519-A690-72BF358C777B}.Debug|Any CPU.ActiveCfg = Debug|Any CPU
		{B576DD60-BCD4-4519-A690-72BF358C777B}.Debug|Any CPU.Build.0 = Debug|Any CPU
		{B576DD60-BCD4-4519-A690-72BF358C777B}.Release|Any CPU.ActiveCfg = Release|Any CPU
		{B576DD60-BCD4-4519-A690-72BF358C777B}.Release|Any CPU.Build.0 = Release|Any CPU
	EndGlobalSection
	GlobalSection(SolutionProperties) = preSolution
		HideSolutionNode = FALSE
	EndGlobalSection
	GlobalSection(ExtensibilityGlobals) = postSolution
		SolutionGuid = {03AEC1A2-56AC-4D68-A43F-099D3C25A32C}
	EndGlobalSection
EndGlobal
